<?xml version="1.0" encoding="utf-8"?>
<Project ToolsVersion="4.0" xmlns="http://schemas.microsoft.com/developer/msbuild/2003">
  <ItemGroup>
    <Filter Include="リソース ファイル">
      <UniqueIdentifier>{67DA6AB6-F800-4c08-8B7A-83BB121AAD01}</UniqueIdentifier>
      <Extensions>rc;ico;cur;bmp;dlg;rc2;rct;bin;rgs;gif;jpg;jpeg;jpe;resx;tiff;tif;png;wav;mfcribbon-ms</Extensions>
    </Filter>
    <Filter Include="SceneManager">
      <UniqueIdentifier>{f3855ac6-06d7-410b-952d-84d33f1cf3f6}</UniqueIdentifier>
    </Filter>
    <Filter Include="SceneManager\Scene">
      <UniqueIdentifier>{bec24dfd-9f10-4c15-94c3-acaff605726e}</UniqueIdentifier>
    </Filter>
    <Filter Include="SceneManager\SceneFactory">
      <UniqueIdentifier>{4acb0684-1a6b-4426-bc3f-e7a8ecc78830}</UniqueIdentifier>
    </Filter>
    <Filter Include="SceneManager\Scene\Score">
      <UniqueIdentifier>{094b645d-afee-47ca-a57c-97cf7c9b563c}</UniqueIdentifier>
    </Filter>
    <Filter Include="SceneManager\Scene\GameScene">
      <UniqueIdentifier>{a738cf7e-d4b8-4717-9cad-d196ca2def47}</UniqueIdentifier>
    </Filter>
    <Filter Include="SceneManager\Scene\TitleScene">
      <UniqueIdentifier>{04d7641d-79c0-477d-83b9-bbe887c8aa93}</UniqueIdentifier>
    </Filter>
    <Filter Include="SceneManager\Scene\LogoScene">
      <UniqueIdentifier>{5b48ee1a-7629-4b0a-8c4c-685c559ba08a}</UniqueIdentifier>
    </Filter>
    <Filter Include="SceneManager\Scene\LogoScene\MyLogo">
      <UniqueIdentifier>{168f4812-37b5-49be-af22-af2dc77015b2}</UniqueIdentifier>
    </Filter>
    <Filter Include="リソース ファイル\LogoScene">
      <UniqueIdentifier>{4bc415ab-823c-4ceb-a8e5-6589aa8a5ae2}</UniqueIdentifier>
    </Filter>
    <Filter Include="SceneManager\Scene\TitleScene\TitleLogo">
      <UniqueIdentifier>{d2210aa5-8451-47de-b5f5-97d88c8465ac}</UniqueIdentifier>
    </Filter>
    <Filter Include="リソース ファイル\Titlescene">
      <UniqueIdentifier>{fb8073df-967c-4aba-946c-e7a26a80bddd}</UniqueIdentifier>
    </Filter>
    <Filter Include="SceneManager\Scene\TitleScene\TitleMenu">
      <UniqueIdentifier>{9f263169-d174-4213-a1c3-7a02cc3b2369}</UniqueIdentifier>
    </Filter>
    <Filter Include="SceneManager\Scene\GameScene\GameScreenFrame">
      <UniqueIdentifier>{b22a4a2d-3b17-40f5-b36f-a92de3a965a2}</UniqueIdentifier>
    </Filter>
    <Filter Include="リソース ファイル\GameScene">
      <UniqueIdentifier>{0c389c19-20be-4688-914c-0cf77403d149}</UniqueIdentifier>
    </Filter>
    <Filter Include="SceneManager\Scene\GameScene\GameStage">
      <UniqueIdentifier>{7a59a0a0-4581-47a0-bf87-e232d525eb56}</UniqueIdentifier>
    </Filter>
    <Filter Include="リソース ファイル\GameScene\GameStage">
      <UniqueIdentifier>{f28b1ecc-2ac3-4e86-836a-c9aefda1c268}</UniqueIdentifier>
    </Filter>
    <Filter Include="SceneManager\Scene\GameScene\Bullet">
      <UniqueIdentifier>{296138e3-0c32-4121-bfbb-b6de1aa1e0be}</UniqueIdentifier>
    </Filter>
    <Filter Include="SceneManager\Scene\GameScene\Bullet\PlayerBullet">
      <UniqueIdentifier>{06af8a43-5f4d-41d0-aff3-01267304e004}</UniqueIdentifier>
    </Filter>
    <Filter Include="SceneManager\Scene\GameScene\EnemyPatternManager">
      <UniqueIdentifier>{2ff7e567-67a4-4474-9907-4132201e4202}</UniqueIdentifier>
    </Filter>
    <Filter Include="SceneManager\Scene\GameScene\EnemyPatternManager\EnemyPattern">
      <UniqueIdentifier>{072be804-49c8-4400-8bf8-40cb9ee93db9}</UniqueIdentifier>
    </Filter>
    <Filter Include="SceneManager\Scene\GameScene\EnemyPatternManager\EnemyPatternFactory">
      <UniqueIdentifier>{2304b0df-46e8-408a-b0f2-1e5e4b6e91fc}</UniqueIdentifier>
    </Filter>
    <Filter Include="SceneManager\Scene\GameScene\EnemyPatternManager\EnemyPattern\EnemyPatternA">
      <UniqueIdentifier>{6969951a-cd98-44e4-9099-bde3ead463a4}</UniqueIdentifier>
    </Filter>
    <Filter Include="SceneManager\Scene\GameScene\EnemyPatternManager\Enemy">
      <UniqueIdentifier>{9a540566-bbd9-41ea-be12-10d58b7dc0f2}</UniqueIdentifier>
    </Filter>
    <Filter Include="SceneManager\Scene\GameScene\EnemyPatternManager\Enemy\EnemyNomalA">
      <UniqueIdentifier>{26f391ca-8f79-4983-8256-1627d1c34e1d}</UniqueIdentifier>
    </Filter>
    <Filter Include="リソース ファイル\GameScene\GamePlayer">
      <UniqueIdentifier>{be93fcf5-7c5e-4be6-bff4-010b10b3f87c}</UniqueIdentifier>
    </Filter>
    <Filter Include="リソース ファイル\GameScene\GamePlayer\PlayerBulleManager">
      <UniqueIdentifier>{50e233f2-6aed-4585-98d5-fbc6d89a5364}</UniqueIdentifier>
    </Filter>
    <Filter Include="リソース ファイル\GameScene\EnemyPatternManager">
      <UniqueIdentifier>{df537c25-411c-4e24-9c70-02656e5b87a0}</UniqueIdentifier>
    </Filter>
    <Filter Include="SceneManager\Scene\GameScene\EnemyPatternManager\EnemyPattern\EnemyPatternB">
      <UniqueIdentifier>{f7c4a73a-9aa6-4583-93f4-f6a3d4c3cc06}</UniqueIdentifier>
    </Filter>
    <Filter Include="SceneManager\Scene\GameScene\Collision">
      <UniqueIdentifier>{a00eab43-04e9-4569-8ce1-03a13db5a57c}</UniqueIdentifier>
    </Filter>
    <Filter Include="SceneManager\Scene\GameScene\Effect">
      <UniqueIdentifier>{80ea748f-edb6-4e5c-bb73-9d64d1a40049}</UniqueIdentifier>
    </Filter>
    <Filter Include="SceneManager\Scene\GameScene\GamePlayer">
      <UniqueIdentifier>{ce0d8f11-e3ef-4ab4-b283-a7f48ff42be6}</UniqueIdentifier>
    </Filter>
    <Filter Include="SceneManager\Scene\GameScene\GamePlayer\PlayerBulletManager">
      <UniqueIdentifier>{c7986f14-9c2f-42bd-aa5e-d1e0dfb3adbc}</UniqueIdentifier>
    </Filter>
    <Filter Include="SceneManager\Scene\GameScene\Effect\WaveEffect">
      <UniqueIdentifier>{68c5f83f-37e2-4009-842a-1c8cc818f096}</UniqueIdentifier>
    </Filter>
    <Filter Include="SceneManager\Scene\GameScene\Effect\CirclePink">
      <UniqueIdentifier>{87a80ac1-d512-4996-a2e1-069080930695}</UniqueIdentifier>
    </Filter>
    <Filter Include="SceneManager\Scene\GameScene\GamePlayer\PlayerEffectManager">
      <UniqueIdentifier>{96193040-dc78-4af3-80f5-ce14eb71fcee}</UniqueIdentifier>
    </Filter>
    <Filter Include="SceneManager\Scene\GameScene\Effect\RotheCircle">
      <UniqueIdentifier>{2a21f102-9b3f-4fa3-8633-e555e99362e0}</UniqueIdentifier>
    </Filter>
  </ItemGroup>
  <ItemGroup>
    <ClCompile Include="Main.cpp" />
    <ClCompile Include="SceneFactory.cpp">
      <Filter>SceneManager\SceneFactory</Filter>
    </ClCompile>
    <ClCompile Include="TitleScene.cpp">
      <Filter>SceneManager\Scene\TitleScene</Filter>
    </ClCompile>
    <ClCompile Include="GameScene.cpp">
      <Filter>SceneManager\Scene\GameScene</Filter>
    </ClCompile>
    <ClCompile Include="LogoScene.cpp">
      <Filter>SceneManager\Scene\LogoScene</Filter>
    </ClCompile>
    <ClCompile Include="MyLogo.cpp">
      <Filter>SceneManager\Scene\LogoScene\MyLogo</Filter>
    </ClCompile>
    <ClCompile Include="TitleLogo.cpp">
      <Filter>SceneManager\Scene\TitleScene\TitleLogo</Filter>
    </ClCompile>
    <ClCompile Include="TitleMenu.cpp">
      <Filter>SceneManager\Scene\TitleScene\TitleMenu</Filter>
    </ClCompile>
    <ClCompile Include="GameScreenFrame.cpp">
      <Filter>SceneManager\Scene\GameScene\GameScreenFrame</Filter>
    </ClCompile>
    <ClCompile Include="GameStage.cpp">
      <Filter>SceneManager\Scene\GameScene\GameStage</Filter>
    </ClCompile>
    <ClCompile Include="PlayerBullet.cpp">
      <Filter>SceneManager\Scene\GameScene\Bullet\PlayerBullet</Filter>
    </ClCompile>
    <ClCompile Include="SceneManager.cpp">
      <Filter>SceneManager</Filter>
    </ClCompile>
    <ClCompile Include="PlayerBulletManager.cpp">
      <Filter>SceneManager\Scene\GameScene\GamePlayer\PlayerBulletManager</Filter>
    </ClCompile>
    <ClCompile Include="EnemyPatternManager.cpp">
      <Filter>SceneManager\Scene\GameScene\EnemyPatternManager</Filter>
    </ClCompile>
    <ClCompile Include="EnemyPatternFactory.cpp">
      <Filter>SceneManager\Scene\GameScene\EnemyPatternManager\EnemyPatternFactory</Filter>
    </ClCompile>
    <ClCompile Include="EnemyPatternA.cpp">
      <Filter>SceneManager\Scene\GameScene\EnemyPatternManager\EnemyPattern\EnemyPatternA</Filter>
    </ClCompile>
    <ClCompile Include="EnemyNormalA.cpp">
      <Filter>SceneManager\Scene\GameScene\EnemyPatternManager\Enemy\EnemyNomalA</Filter>
    </ClCompile>
    <ClCompile Include="EnemyPatternB.cpp">
      <Filter>SceneManager\Scene\GameScene\EnemyPatternManager\EnemyPattern\EnemyPatternB</Filter>
    </ClCompile>
    <ClCompile Include="Collision.cpp">
      <Filter>SceneManager\Scene\GameScene\Collision</Filter>
    </ClCompile>
    <ClCompile Include="WaveEffect.cpp">
      <Filter>SceneManager\Scene\GameScene\Effect\WaveEffect</Filter>
    </ClCompile>
    <ClCompile Include="CirclePink.cpp">
      <Filter>SceneManager\Scene\GameScene\Effect\CirclePink</Filter>
    </ClCompile>
    <ClCompile Include="PlayerEffectManager.cpp">
      <Filter>SceneManager\Scene\GameScene\GamePlayer\PlayerEffectManager</Filter>
    </ClCompile>
    <ClCompile Include="RotheCircle.cpp">
      <Filter>SceneManager\Scene\GameScene\Effect\RotheCircle</Filter>
    </ClCompile>
    <ClCompile Include="GamePlayer.cpp">
      <Filter>SceneManager\Scene\GameScene\GamePlayer</Filter>
    </ClCompile>
  </ItemGroup>
  <ItemGroup>
    <ClInclude Include="Scene.h">
      <Filter>SceneManager\Scene</Filter>
    </ClInclude>
    <ClInclude Include="Score.h">
      <Filter>SceneManager\Scene\Score</Filter>
    </ClInclude>
    <ClInclude Include="SceneManager.h">
      <Filter>SceneManager</Filter>
    </ClInclude>
    <ClInclude Include="CommonItems.h" />
    <ClInclude Include="SceneFactory.h">
      <Filter>SceneManager\SceneFactory</Filter>
    </ClInclude>
    <ClInclude Include="TitleScene.h">
      <Filter>SceneManager\Scene\TitleScene</Filter>
    </ClInclude>
    <ClInclude Include="LogoScene.h">
      <Filter>SceneManager\Scene\LogoScene</Filter>
    </ClInclude>
    <ClInclude Include="GameScene.h">
      <Filter>SceneManager\Scene\GameScene</Filter>
    </ClInclude>
    <ClInclude Include="MyLogo.h">
      <Filter>SceneManager\Scene\LogoScene\MyLogo</Filter>
    </ClInclude>
    <ClInclude Include="TitleLogo.h">
      <Filter>SceneManager\Scene\TitleScene\TitleLogo</Filter>
    </ClInclude>
    <ClInclude Include="TitleMenu.h">
      <Filter>SceneManager\Scene\TitleScene\TitleMenu</Filter>
    </ClInclude>
    <ClInclude Include="GameScreenFrame.h">
      <Filter>SceneManager\Scene\GameScene\GameScreenFrame</Filter>
    </ClInclude>
    <ClInclude Include="GameStage.h">
      <Filter>SceneManager\Scene\GameScene\GameStage</Filter>
    </ClInclude>
    <ClInclude Include="Bullet.h">
      <Filter>SceneManager\Scene\GameScene\Bullet</Filter>
    </ClInclude>
    <ClInclude Include="PlayerBullet.h">
      <Filter>SceneManager\Scene\GameScene\Bullet\PlayerBullet</Filter>
    </ClInclude>
    <ClInclude Include="PlayerBulletManager.h">
      <Filter>SceneManager\Scene\GameScene\GamePlayer\PlayerBulletManager</Filter>
    </ClInclude>
    <ClInclude Include="GamePlayer.h">
      <Filter>SceneManager\Scene\GameScene\GamePlayer</Filter>
    </ClInclude>
    <ClInclude Include="EnemyPatternManager.h">
      <Filter>SceneManager\Scene\GameScene\EnemyPatternManager</Filter>
    </ClInclude>
    <ClInclude Include="EnemyPattern.h">
      <Filter>SceneManager\Scene\GameScene\EnemyPatternManager\EnemyPattern</Filter>
    </ClInclude>
    <ClInclude Include="EnemyPatternFactory.h">
      <Filter>SceneManager\Scene\GameScene\EnemyPatternManager\EnemyPatternFactory</Filter>
    </ClInclude>
    <ClInclude Include="EnemyPatternA.h">
      <Filter>SceneManager\Scene\GameScene\EnemyPatternManager\EnemyPattern\EnemyPatternA</Filter>
    </ClInclude>
    <ClInclude Include="Enemy.h">
      <Filter>SceneManager\Scene\GameScene\EnemyPatternManager\Enemy</Filter>
    </ClInclude>
    <ClInclude Include="EnemyNormalA.h">
      <Filter>SceneManager\Scene\GameScene\EnemyPatternManager\Enemy\EnemyNomalA</Filter>
    </ClInclude>
    <ClInclude Include="EnemyPatternB.h">
      <Filter>SceneManager\Scene\GameScene\EnemyPatternManager\EnemyPattern\EnemyPatternB</Filter>
    </ClInclude>
    <ClInclude Include="Collision.h">
      <Filter>SceneManager\Scene\GameScene\Collision</Filter>
    </ClInclude>
    <ClInclude Include="WaveEffect.h">
      <Filter>SceneManager\Scene\GameScene\Effect\WaveEffect</Filter>
    </ClInclude>
    <ClInclude Include="CirclePink.h">
      <Filter>SceneManager\Scene\GameScene\Effect\CirclePink</Filter>
    </ClInclude>
    <ClInclude Include="PlayerEffectManager.h">
      <Filter>SceneManager\Scene\GameScene\GamePlayer\PlayerEffectManager</Filter>
    </ClInclude>
    <ClInclude Include="RotheCircle.h">
      <Filter>SceneManager\Scene\GameScene\Effect\RotheCircle</Filter>
    </ClInclude>
    <ClInclude Include="Effect.h">
      <Filter>SceneManager\Scene\GameScene\Effect</Filter>
    </ClInclude>
  </ItemGroup>
  <ItemGroup>
    <Image Include="Picture\TitleScene\Title.png">
      <Filter>リソース ファイル\Titlescene</Filter>
    </Image>
    <Image Include="Picture\LogoScene\MyLogo.png">
      <Filter>リソース ファイル\LogoScene</Filter>
    </Image>
    <Image Include="Picture\LogoScene\無題.jpg">
      <Filter>リソース ファイル\LogoScene</Filter>
    </Image>
    <Image Include="Picture\GameScene\GameScreenFrame\GameSceneFrame.png">
      <Filter>リソース ファイル\GameScene</Filter>
    </Image>
    <Image Include="Picture\GameScene\GameStage\Stage01.png">
      <Filter>リソース ファイル\GameScene\GameStage</Filter>
    </Image>
    <Image Include="Picture\GameScene\GamePlayer\Player.png">
      <Filter>リソース ファイル\GameScene\GamePlayer</Filter>
    </Image>
    <Image Include="Picture\GameScene\GamePlayer\PlayerBulletManager\playerBullet01.png">
      <Filter>リソース ファイル\GameScene\GamePlayer\PlayerBulleManager</Filter>
    </Image>
    <Image Include="Picture\GameScene\EnemyPatternManager\th_kedama2.png">
      <Filter>リソース ファイル\GameScene\EnemyPatternManager</Filter>
    </Image>
  </ItemGroup>
</Project>